
Microsoft Visual Studio Solution File, Format Version 12.00
# Visual Studio Version 16
VisualStudioVersion = 16.0.29709.97
MinimumVisualStudioVersion = 10.0.40219.1
Project("{FAE04EC0-301F-11D3-BF4B-00C04F79EFBC}") = "KeeDiceware", "KeeDiceware\KeeDiceware.csproj", "{CFE8E47C-D9FC-46F6-A0BF-91A457291ADC}"
EndProject
Project("{FAE04EC0-301F-11D3-BF4B-00C04F79EFBC}") = "KeeDicewareTest", "KeeDicewareTest\KeeDicewareTest.csproj", "{1BD6FA85-F37B-4329-AFF1-1F5E003D76E6}"
EndProject
Project("{2150E333-8FDC-42A3-9474-1A3956D46DE8}") = "Solution Items", "Solution Items", "{AA4317D8-BDE3-4831-B70F-00962FE901B9}"
EndProject
Global
	GlobalSection(SolutionConfigurationPlatforms) = preSolution
		Debug|Any CPU = Debug|Any CPU
		Release|Any CPU = Release|Any CPU
	EndGlobalSection
	GlobalSection(ProjectConfigurationPlatforms) = postSolution
		{CFE8E47C-D9FC-46F6-A0BF-91A457291ADC}.Debug|Any CPU.ActiveCfg = Debug|Any CPU
		{CFE8E47C-D9FC-46F6-A0BF-91A457291ADC}.Debug|Any CPU.Build.0 = Debug|Any CPU
		{CFE8E47C-D9FC-46F6-A0BF-91A457291ADC}.Release|Any CPU.ActiveCfg = Release|Any CPU
		{CFE8E47C-D9FC-46F6-A0BF-91A457291ADC}.Release|Any CPU.Build.0 = Release|Any CPU
		{1BD6FA85-F37B-4329-AFF1-1F5E003D76E6}.Debug|Any CPU.ActiveCfg = Debug|Any CPU
		{1BD6FA85-F37B-4329-AFF1-1F5E003D76E6}.Debug|Any CPU.Build.0 = Debug|Any CPU
		{1BD6FA85-F37B-4329-AFF1-1F5E003D76E6}.Release|Any CPU.ActiveCfg = Release|Any CPU
		{1BD6FA85-F37B-4329-AFF1-1F5E003D76E6}.Release|Any CPU.Build.0 = Release|Any CPU
	EndGlobalSection
	GlobalSection(SolutionProperties) = preSolution
		HideSolutionNode = FALSE
	EndGlobalSection
	GlobalSection(ExtensibilityGlobals) = postSolution
		SolutionGuid = {08ADA46C-4B74-44EE-8DB3-C2D4FC261D9B}
	EndGlobalSection
EndGlobal
